
Microsoft Visual Studio Solution File, Format Version 12.00
# Visual Studio Version 17
VisualStudioVersion = 17.9.34701.34
MinimumVisualStudioVersion = 10.0.40219.1
Project("{2150E333-8FDC-42A3-9474-1A3956D46DE8}") = "ソリューション項目", "ソリューション項目", "{C80ECC45-AB2B-4863-B782-3FF922882000}"
EndProject
Project("{9A19103F-16F7-4668-BE54-9A1E7A4F7556}") = "ASNAOrders.Web", "ASNAOrders.Web\ASNAOrders.Web.csproj", "{B10B7E39-5903-4893-B7CF-7F87D34D1024}"
EndProject
Project("{9A19103F-16F7-4668-BE54-9A1E7A4F7556}") = "ASNAOrders.Web.Administration.Server", "ASNAOrders.Web.Administration.Server\ASNAOrders.Web.Administration.Server.csproj", "{B6F1B1B1-D3DA-40D4-9A43-DF2FAD92C4B9}"
EndProject
Project("{9A19103F-16F7-4668-BE54-9A1E7A4F7556}") = "ASNAOrders.Web.Administration.Server.DataAccess", "ASNAOrders.Web.Administration.Server.DataAccess\ASNAOrders.Web.Administration.Server.DataAccess.csproj", "{1F9FF09E-8ED6-4782-A65D-28F8ACE4F513}"
EndProject
Project("{E53339B2-1760-4266-BCC7-CA923CBCF16C}") = "docker-compose", "docker-compose.dcproj", "{20F08534-4858-487C-A6C6-2AFAA2E996B2}"
EndProject
Project("{FAE04EC0-301F-11D3-BF4B-00C04F79EFBC}") = "ASNAOrders.Agent", "..\ASNAOrders.Agent\ASNAOrders.Agent.csproj", "{8AB631AD-0860-4E29-9FF5-CE25247F3A78}"
EndProject
Global
	GlobalSection(SolutionConfigurationPlatforms) = preSolution
		Debug|Any CPU = Debug|Any CPU
		Debug|ARM64 = Debug|ARM64
		Debug|x64 = Debug|x64
		Debug|x86 = Debug|x86
		Release|Any CPU = Release|Any CPU
		Release|ARM64 = Release|ARM64
		Release|x64 = Release|x64
		Release|x86 = Release|x86
	EndGlobalSection
	GlobalSection(ProjectConfigurationPlatforms) = postSolution
		{B10B7E39-5903-4893-B7CF-7F87D34D1024}.Debug|Any CPU.ActiveCfg = Debug|Any CPU
		{B10B7E39-5903-4893-B7CF-7F87D34D1024}.Debug|Any CPU.Build.0 = Debug|Any CPU
		{B10B7E39-5903-4893-B7CF-7F87D34D1024}.Debug|ARM64.ActiveCfg = Debug|Any CPU
		{B10B7E39-5903-4893-B7CF-7F87D34D1024}.Debug|ARM64.Build.0 = Debug|Any CPU
		{B10B7E39-5903-4893-B7CF-7F87D34D1024}.Debug|x64.ActiveCfg = Debug|Any CPU
		{B10B7E39-5903-4893-B7CF-7F87D34D1024}.Debug|x64.Build.0 = Debug|Any CPU
		{B10B7E39-5903-4893-B7CF-7F87D34D1024}.Debug|x86.ActiveCfg = Debug|Any CPU
		{B10B7E39-5903-4893-B7CF-7F87D34D1024}.Debug|x86.Build.0 = Debug|Any CPU
		{B10B7E39-5903-4893-B7CF-7F87D34D1024}.Release|Any CPU.ActiveCfg = Release|Any CPU
		{B10B7E39-5903-4893-B7CF-7F87D34D1024}.Release|Any CPU.Build.0 = Release|Any CPU
		{B10B7E39-5903-4893-B7CF-7F87D34D1024}.Release|ARM64.ActiveCfg = Release|Any CPU
		{B10B7E39-5903-4893-B7CF-7F87D34D1024}.Release|ARM64.Build.0 = Release|Any CPU
		{B10B7E39-5903-4893-B7CF-7F87D34D1024}.Release|x64.ActiveCfg = Release|Any CPU
		{B10B7E39-5903-4893-B7CF-7F87D34D1024}.Release|x64.Build.0 = Release|Any CPU
		{B10B7E39-5903-4893-B7CF-7F87D34D1024}.Release|x86.ActiveCfg = Release|Any CPU
		{B10B7E39-5903-4893-B7CF-7F87D34D1024}.Release|x86.Build.0 = Release|Any CPU
		{B6F1B1B1-D3DA-40D4-9A43-DF2FAD92C4B9}.Debug|Any CPU.ActiveCfg = Debug|Any CPU
		{B6F1B1B1-D3DA-40D4-9A43-DF2FAD92C4B9}.Debug|Any CPU.Build.0 = Debug|Any CPU
		{B6F1B1B1-D3DA-40D4-9A43-DF2FAD92C4B9}.Debug|ARM64.ActiveCfg = Debug|Any CPU
		{B6F1B1B1-D3DA-40D4-9A43-DF2FAD92C4B9}.Debug|ARM64.Build.0 = Debug|Any CPU
		{B6F1B1B1-D3DA-40D4-9A43-DF2FAD92C4B9}.Debug|x64.ActiveCfg = Debug|Any CPU
		{B6F1B1B1-D3DA-40D4-9A43-DF2FAD92C4B9}.Debug|x64.Build.0 = Debug|Any CPU
		{B6F1B1B1-D3DA-40D4-9A43-DF2FAD92C4B9}.Debug|x86.ActiveCfg = Debug|Any CPU
		{B6F1B1B1-D3DA-40D4-9A43-DF2FAD92C4B9}.Debug|x86.Build.0 = Debug|Any CPU
		{B6F1B1B1-D3DA-40D4-9A43-DF2FAD92C4B9}.Release|Any CPU.ActiveCfg = Release|Any CPU
		{B6F1B1B1-D3DA-40D4-9A43-DF2FAD92C4B9}.Release|Any CPU.Build.0 = Release|Any CPU
		{B6F1B1B1-D3DA-40D4-9A43-DF2FAD92C4B9}.Release|ARM64.ActiveCfg = Release|Any CPU
		{B6F1B1B1-D3DA-40D4-9A43-DF2FAD92C4B9}.Release|ARM64.Build.0 = Release|Any CPU
		{B6F1B1B1-D3DA-40D4-9A43-DF2FAD92C4B9}.Release|x64.ActiveCfg = Release|Any CPU
		{B6F1B1B1-D3DA-40D4-9A43-DF2FAD92C4B9}.Release|x64.Build.0 = Release|Any CPU
		{B6F1B1B1-D3DA-40D4-9A43-DF2FAD92C4B9}.Release|x86.ActiveCfg = Release|Any CPU
		{B6F1B1B1-D3DA-40D4-9A43-DF2FAD92C4B9}.Release|x86.Build.0 = Release|Any CPU
		{1F9FF09E-8ED6-4782-A65D-28F8ACE4F513}.Debug|Any CPU.ActiveCfg = Debug|Any CPU
		{1F9FF09E-8ED6-4782-A65D-28F8ACE4F513}.Debug|Any CPU.Build.0 = Debug|Any CPU
		{1F9FF09E-8ED6-4782-A65D-28F8ACE4F513}.Debug|ARM64.ActiveCfg = Debug|Any CPU
		{1F9FF09E-8ED6-4782-A65D-28F8ACE4F513}.Debug|ARM64.Build.0 = Debug|Any CPU
		{1F9FF09E-8ED6-4782-A65D-28F8ACE4F513}.Debug|x64.ActiveCfg = Debug|Any CPU
		{1F9FF09E-8ED6-4782-A65D-28F8ACE4F513}.Debug|x64.Build.0 = Debug|Any CPU
		{1F9FF09E-8ED6-4782-A65D-28F8ACE4F513}.Debug|x86.ActiveCfg = Debug|Any CPU
		{1F9FF09E-8ED6-4782-A65D-28F8ACE4F513}.Debug|x86.Build.0 = Debug|Any CPU
		{1F9FF09E-8ED6-4782-A65D-28F8ACE4F513}.Release|Any CPU.ActiveCfg = Release|Any CPU
		{1F9FF09E-8ED6-4782-A65D-28F8ACE4F513}.Release|Any CPU.Build.0 = Release|Any CPU
		{1F9FF09E-8ED6-4782-A65D-28F8ACE4F513}.Release|ARM64.ActiveCfg = Release|Any CPU
		{1F9FF09E-8ED6-4782-A65D-28F8ACE4F513}.Release|ARM64.Build.0 = Release|Any CPU
		{1F9FF09E-8ED6-4782-A65D-28F8ACE4F513}.Release|x64.ActiveCfg = Release|Any CPU
		{1F9FF09E-8ED6-4782-A65D-28F8ACE4F513}.Release|x64.Build.0 = Release|Any CPU
		{1F9FF09E-8ED6-4782-A65D-28F8ACE4F513}.Release|x86.ActiveCfg = Release|Any CPU
		{1F9FF09E-8ED6-4782-A65D-28F8ACE4F513}.Release|x86.Build.0 = Release|Any CPU
		{20F08534-4858-487C-A6C6-2AFAA2E996B2}.Debug|Any CPU.ActiveCfg = Debug|Any CPU
		{20F08534-4858-487C-A6C6-2AFAA2E996B2}.Debug|Any CPU.Build.0 = Debug|Any CPU
		{20F08534-4858-487C-A6C6-2AFAA2E996B2}.Debug|ARM64.ActiveCfg = Debug|Any CPU
		{20F08534-4858-487C-A6C6-2AFAA2E996B2}.Debug|ARM64.Build.0 = Debug|Any CPU
		{20F08534-4858-487C-A6C6-2AFAA2E996B2}.Debug|x64.ActiveCfg = Debug|Any CPU
		{20F08534-4858-487C-A6C6-2AFAA2E996B2}.Debug|x64.Build.0 = Debug|Any CPU
		{20F08534-4858-487C-A6C6-2AFAA2E996B2}.Debug|x86.ActiveCfg = Debug|Any CPU
		{20F08534-4858-487C-A6C6-2AFAA2E996B2}.Debug|x86.Build.0 = Debug|Any CPU
		{20F08534-4858-487C-A6C6-2AFAA2E996B2}.Release|Any CPU.ActiveCfg = Release|Any CPU
		{20F08534-4858-487C-A6C6-2AFAA2E996B2}.Release|Any CPU.Build.0 = Release|Any CPU
		{20F08534-4858-487C-A6C6-2AFAA2E996B2}.Release|ARM64.ActiveCfg = Release|Any CPU
		{20F08534-4858-487C-A6C6-2AFAA2E996B2}.Release|ARM64.Build.0 = Release|Any CPU
		{20F08534-4858-487C-A6C6-2AFAA2E996B2}.Release|x64.ActiveCfg = Release|Any CPU
		{20F08534-4858-487C-A6C6-2AFAA2E996B2}.Release|x64.Build.0 = Release|Any CPU
		{20F08534-4858-487C-A6C6-2AFAA2E996B2}.Release|x86.ActiveCfg = Release|Any CPU
		{20F08534-4858-487C-A6C6-2AFAA2E996B2}.Release|x86.Build.0 = Release|Any CPU
		{8AB631AD-0860-4E29-9FF5-CE25247F3A78}.Debug|Any CPU.ActiveCfg = Debug|Any CPU
		{8AB631AD-0860-4E29-9FF5-CE25247F3A78}.Debug|Any CPU.Build.0 = Debug|Any CPU
		{8AB631AD-0860-4E29-9FF5-CE25247F3A78}.Debug|ARM64.ActiveCfg = Debug|Any CPU
		{8AB631AD-0860-4E29-9FF5-CE25247F3A78}.Debug|ARM64.Build.0 = Debug|Any CPU
		{8AB631AD-0860-4E29-9FF5-CE25247F3A78}.Debug|x64.ActiveCfg = Debug|Any CPU
		{8AB631AD-0860-4E29-9FF5-CE25247F3A78}.Debug|x64.Build.0 = Debug|Any CPU
		{8AB631AD-0860-4E29-9FF5-CE25247F3A78}.Debug|x86.ActiveCfg = Debug|Any CPU
		{8AB631AD-0860-4E29-9FF5-CE25247F3A78}.Debug|x86.Build.0 = Debug|Any CPU
		{8AB631AD-0860-4E29-9FF5-CE25247F3A78}.Release|Any CPU.ActiveCfg = Release|Any CPU
		{8AB631AD-0860-4E29-9FF5-CE25247F3A78}.Release|Any CPU.Build.0 = Release|Any CPU
		{8AB631AD-0860-4E29-9FF5-CE25247F3A78}.Release|ARM64.ActiveCfg = Release|Any CPU
		{8AB631AD-0860-4E29-9FF5-CE25247F3A78}.Release|ARM64.Build.0 = Release|Any CPU
		{8AB631AD-0860-4E29-9FF5-CE25247F3A78}.Release|x64.ActiveCfg = Release|Any CPU
		{8AB631AD-0860-4E29-9FF5-CE25247F3A78}.Release|x64.Build.0 = Release|Any CPU
		{8AB631AD-0860-4E29-9FF5-CE25247F3A78}.Release|x86.ActiveCfg = Release|Any CPU
		{8AB631AD-0860-4E29-9FF5-CE25247F3A78}.Release|x86.Build.0 = Release|Any CPU
	EndGlobalSection
	GlobalSection(SolutionProperties) = preSolution
		HideSolutionNode = FALSE
	EndGlobalSection
	GlobalSection(ExtensibilityGlobals) = postSolution
		SolutionGuid = {5B08D6A3-01AC-4220-A190-FA2A70C8AFE1}
	EndGlobalSection
EndGlobal
